
Microsoft Visual Studio Solution File, Format Version 12.00
# Visual Studio Version 17
VisualStudioVersion = 17.10.35027.167
MinimumVisualStudioVersion = 10.0.40219.1
Project("{FAE04EC0-301F-11D3-BF4B-00C04F79EFBC}") = "MauiAppGuiaCurso", "MauiAppGuiaCurso\MauiAppGuiaCurso.csproj", "{5A83A1D3-87FB-4C66-BD8C-892151E73AFE}"
EndProject
Global
	GlobalSection(SolutionConfigurationPlatforms) = preSolution
		Debug|Any CPU = Debug|Any CPU
		Release|Any CPU = Release|Any CPU
	EndGlobalSection
	GlobalSection(ProjectConfigurationPlatforms) = postSolution
		{5A83A1D3-87FB-4C66-BD8C-892151E73AFE}.Debug|Any CPU.ActiveCfg = Debug|Any CPU
		{5A83A1D3-87FB-4C66-BD8C-892151E73AFE}.Debug|Any CPU.Build.0 = Debug|Any CPU
		{5A83A1D3-87FB-4C66-BD8C-892151E73AFE}.Debug|Any CPU.Deploy.0 = Debug|Any CPU
		{5A83A1D3-87FB-4C66-BD8C-892151E73AFE}.Release|Any CPU.ActiveCfg = Release|Any CPU
		{5A83A1D3-87FB-4C66-BD8C-892151E73AFE}.Release|Any CPU.Build.0 = Release|Any CPU
		{5A83A1D3-87FB-4C66-BD8C-892151E73AFE}.Release|Any CPU.Deploy.0 = Release|Any CPU
	EndGlobalSection
	GlobalSection(SolutionProperties) = preSolution
		HideSolutionNode = FALSE
	EndGlobalSection
	GlobalSection(ExtensibilityGlobals) = postSolution
		SolutionGuid = {CC690E5B-E484-43F2-A82C-D98AE736928A}
	EndGlobalSection
EndGlobal
